
Microsoft Visual Studio Solution File, Format Version 12.00
# Visual Studio Version 16
VisualStudioVersion = 16.0.31829.152
MinimumVisualStudioVersion = 10.0.40219.1
Project("{8BC9CEB8-8B4A-11D0-8D11-00A0C91BC942}") = "MyCache", "MyCache.vcxproj", "{A5677060-D4C9-432A-A29F-858971B64066}"
EndProject
Global
	GlobalSection(SolutionConfigurationPlatforms) = preSolution
		Debug|x64 = Debug|x64
		Debug|x86 = Debug|x86
		Release|x64 = Release|x64
		Release|x86 = Release|x86
	EndGlobalSection
	GlobalSection(ProjectConfigurationPlatforms) = postSolution
		{A5677060-D4C9-432A-A29F-858971B64066}.Debug|x64.ActiveCfg = Debug|x64
		{A5677060-D4C9-432A-A29F-858971B64066}.Debug|x64.Build.0 = Debug|x64
		{A5677060-D4C9-432A-A29F-858971B64066}.Debug|x86.ActiveCfg = Debug|Win32
		{A5677060-D4C9-432A-A29F-858971B64066}.Debug|x86.Build.0 = Debug|Win32
		{A5677060-D4C9-432A-A29F-858971B64066}.Release|x64.ActiveCfg = Release|x64
		{A5677060-D4C9-432A-A29F-858971B64066}.Release|x64.Build.0 = Release|x64
		{A5677060-D4C9-432A-A29F-858971B64066}.Release|x86.ActiveCfg = Release|Win32
		{A5677060-D4C9-432A-A29F-858971B64066}.Release|x86.Build.0 = Release|Win32
	EndGlobalSection
	GlobalSection(SolutionProperties) = preSolution
		HideSolutionNode = FALSE
	EndGlobalSection
	GlobalSection(ExtensibilityGlobals) = postSolution
		SolutionGuid = {D4625C4E-654D-406B-A238-D6F64DAF03BB}
	EndGlobalSection
EndGlobal
